
Microsoft Visual Studio Solution File, Format Version 12.00
# Visual Studio Version 16
VisualStudioVersion = 16.0.30523.141
MinimumVisualStudioVersion = 10.0.40219.1
Project("{FAE04EC0-301F-11D3-BF4B-00C04F79EFBC}") = "AppDevDotNetTask2", "AppDevDotNetTask2.csproj", "{8128CFFB-69FA-471A-ADEA-41FC2CA1F81E}"
EndProject
Global
	GlobalSection(SolutionConfigurationPlatforms) = preSolution
		Debug|Any CPU = Debug|Any CPU
		Release|Any CPU = Release|Any CPU
	EndGlobalSection
	GlobalSection(ProjectConfigurationPlatforms) = postSolution
		{8128CFFB-69FA-471A-ADEA-41FC2CA1F81E}.Debug|Any CPU.ActiveCfg = Debug|Any CPU
		{8128CFFB-69FA-471A-ADEA-41FC2CA1F81E}.Debug|Any CPU.Build.0 = Debug|Any CPU
		{8128CFFB-69FA-471A-ADEA-41FC2CA1F81E}.Release|Any CPU.ActiveCfg = Release|Any CPU
		{8128CFFB-69FA-471A-ADEA-41FC2CA1F81E}.Release|Any CPU.Build.0 = Release|Any CPU
	EndGlobalSection
	GlobalSection(SolutionProperties) = preSolution
		HideSolutionNode = FALSE
	EndGlobalSection
	GlobalSection(ExtensibilityGlobals) = postSolution
		SolutionGuid = {ED73F658-F784-4A38-8243-F964353C3410}
	EndGlobalSection
EndGlobal
